Microsoft Visual Studio Solution File, Format Version 11.00
# Visual Studio 2008

Project("{924C3020-B278-B59D-4D62-B6B9BB9889AC}") = "CobaBikinGame", "Assembly-CSharp.csproj", "{1387C093-4C61-A329-ADA5-76007C55AEC1}"
EndProject
Global
	GlobalSection(SolutionConfigurationPlatforms) = preSolution
		Debug|Any CPU = Debug|Any CPU
		Release|Any CPU = Release|Any CPU
	EndGlobalSection
	GlobalSection(ProjectConfigurationPlatforms) = postSolution
		{1387C093-4C61-A329-ADA5-76007C55AEC1}.Debug|Any CPU.ActiveCfg = Debug|Any CPU
		{1387C093-4C61-A329-ADA5-76007C55AEC1}.Debug|Any CPU.Build.0 = Debug|Any CPU
		{1387C093-4C61-A329-ADA5-76007C55AEC1}.Release|Any CPU.ActiveCfg = Release|Any CPU
		{1387C093-4C61-A329-ADA5-76007C55AEC1}.Release|Any CPU.Build.0 = Release|Any CPU
	EndGlobalSection
	GlobalSection(SolutionProperties) = preSolution
		HideSolutionNode = FALSE
	EndGlobalSection
	GlobalSection(MonoDevelopProperties) = preSolution
		StartupItem = Assembly-CSharp.csproj
	EndGlobalSection
EndGlobal
